
Microsoft Visual Studio Solution File, Format Version 12.00
# Visual Studio Version 17
VisualStudioVersion = 17.3.32819.101
MinimumVisualStudioVersion = 10.0.40219.1
Project("{FAE04EC0-301F-11D3-BF4B-00C04F79EFBC}") = "SwordDamageCalculator", "SwordDamageCalculator.csproj", "{834AC3B0-DEAE-4B3B-88C7-5CC2BF20D53D}"
EndProject
Global
	GlobalSection(SolutionConfigurationPlatforms) = preSolution
		Debug|Any CPU = Debug|Any CPU
		Release|Any CPU = Release|Any CPU
	EndGlobalSection
	GlobalSection(ProjectConfigurationPlatforms) = postSolution
		{834AC3B0-DEAE-4B3B-88C7-5CC2BF20D53D}.Debug|Any CPU.ActiveCfg = Debug|Any CPU
		{834AC3B0-DEAE-4B3B-88C7-5CC2BF20D53D}.Debug|Any CPU.Build.0 = Debug|Any CPU
		{834AC3B0-DEAE-4B3B-88C7-5CC2BF20D53D}.Release|Any CPU.ActiveCfg = Release|Any CPU
		{834AC3B0-DEAE-4B3B-88C7-5CC2BF20D53D}.Release|Any CPU.Build.0 = Release|Any CPU
	EndGlobalSection
	GlobalSection(SolutionProperties) = preSolution
		HideSolutionNode = FALSE
	EndGlobalSection
	GlobalSection(ExtensibilityGlobals) = postSolution
		SolutionGuid = {77710B89-5B29-4CA1-A24F-F51DD03B0720}
	EndGlobalSection
EndGlobal
